
Microsoft Visual Studio Solution File, Format Version 12.00
# Visual Studio 15
VisualStudioVersion = 15.0.27428.2005
MinimumVisualStudioVersion = 10.0.40219.1
Project("{F184B08F-C81C-45F6-A57F-5ABD9991F28F}") = "SingleInstanceApplication", "SingleInstanceApplication\SingleInstanceApplication.vbproj", "{134D46D8-4F98-4051-95BC-9E5F08FCFB8D}"
EndProject
Project("{FAE04EC0-301F-11D3-BF4B-00C04F79EFBC}") = "SingleInstanceApplicationCSharpWpf", "SingleInstanceApplicationCSharpWpf\SingleInstanceApplicationCSharpWpf.csproj", "{2AF8424E-DF74-4247-99E7-FD2117AC6390}"
EndProject
Global
	GlobalSection(SolutionConfigurationPlatforms) = preSolution
		Debug|Any CPU = Debug|Any CPU
		Release|Any CPU = Release|Any CPU
	EndGlobalSection
	GlobalSection(ProjectConfigurationPlatforms) = postSolution
		{134D46D8-4F98-4051-95BC-9E5F08FCFB8D}.Debug|Any CPU.ActiveCfg = Debug|Any CPU
		{134D46D8-4F98-4051-95BC-9E5F08FCFB8D}.Debug|Any CPU.Build.0 = Debug|Any CPU
		{134D46D8-4F98-4051-95BC-9E5F08FCFB8D}.Release|Any CPU.ActiveCfg = Release|Any CPU
		{134D46D8-4F98-4051-95BC-9E5F08FCFB8D}.Release|Any CPU.Build.0 = Release|Any CPU
		{2AF8424E-DF74-4247-99E7-FD2117AC6390}.Debug|Any CPU.ActiveCfg = Debug|Any CPU
		{2AF8424E-DF74-4247-99E7-FD2117AC6390}.Debug|Any CPU.Build.0 = Debug|Any CPU
		{2AF8424E-DF74-4247-99E7-FD2117AC6390}.Release|Any CPU.ActiveCfg = Release|Any CPU
		{2AF8424E-DF74-4247-99E7-FD2117AC6390}.Release|Any CPU.Build.0 = Release|Any CPU
	EndGlobalSection
	GlobalSection(SolutionProperties) = preSolution
		HideSolutionNode = FALSE
	EndGlobalSection
	GlobalSection(ExtensibilityGlobals) = postSolution
		SolutionGuid = {55AAAFA6-01C5-43DB-BA10-4F35ADDBC2F4}
	EndGlobalSection
EndGlobal
